// !$*UTF8*$!
{
	archiveVersion = 1;
	classes = {
	};
	objectVersion = 55;
	objects = {

/* Begin PBXBuildFile section */
		330991EE291282D7008B3F0B /* AppDelegate.swift in Sources */ = {isa = PBXBuildFile; fileRef = 330991ED291282D7008B3F0B /* AppDelegate.swift */; };
		330991F0291282D7008B3F0B /* SceneDelegate.swift in Sources */ = {isa = PBXBuildFile; fileRef = 330991EF291282D7008B3F0B /* SceneDelegate.swift */; };
		330991F2291282D7008B3F0B /* HomeViewController.swift in Sources */ = {isa = PBXBuildFile; fileRef = 330991F1291282D7008B3F0B /* HomeViewController.swift */; };
		330991F5291282D7008B3F0B /* HomeViewController.storyboard in Resources */ = {isa = PBXBuildFile; fileRef = 330991F3291282D7008B3F0B /* HomeViewController.storyboard */; };
		330991F7291282DC008B3F0B /* Assets.xcassets in Resources */ = {isa = PBXBuildFile; fileRef = 330991F6291282DC008B3F0B /* Assets.xcassets */; };
		330991FA291282DC008B3F0B /* LaunchScreen.storyboard in Resources */ = {isa = PBXBuildFile; fileRef = 330991F8291282DC008B3F0B /* LaunchScreen.storyboard */; };
		3315C2222913C98D0033CBA0 /* AlamofireImage in Frameworks */ = {isa = PBXBuildFile; productRef = 3315C2212913C98D0033CBA0 /* AlamofireImage */; };
		3331285B29132DA40048DD03 /* Rick.json in Resources */ = {isa = PBXBuildFile; fileRef = 3331285A29132DA40048DD03 /* Rick.json */; };
		337FAA3A2914869E00E79194 /* Toast in Frameworks */ = {isa = PBXBuildFile; productRef = 337FAA392914869E00E79194 /* Toast */; };
		337FAA3D2914872800E79194 /* Toast in Frameworks */ = {isa = PBXBuildFile; productRef = 337FAA3C2914872800E79194 /* Toast */; };
		3397E1B129128555009823CF /* NetworkService.swift in Sources */ = {isa = PBXBuildFile; fileRef = 3397E1B029128555009823CF /* NetworkService.swift */; };
		3397E1B429128599009823CF /* Character.swift in Sources */ = {isa = PBXBuildFile; fileRef = 3397E1B329128599009823CF /* Character.swift */; };
		3397E1B82912902D009823CF /* CharacterCell.swift in Sources */ = {isa = PBXBuildFile; fileRef = 3397E1B62912902D009823CF /* CharacterCell.swift */; };
		3397E1B92912902D009823CF /* CharacterCell.xib in Resources */ = {isa = PBXBuildFile; fileRef = 3397E1B72912902D009823CF /* CharacterCell.xib */; };
		3397E1BB29129287009823CF /* HomeCollectionViewController.swift in Sources */ = {isa = PBXBuildFile; fileRef = 3397E1BA29129287009823CF /* HomeCollectionViewController.swift */; };
		3397E1BD29129539009823CF /* HomeViewModel.swift in Sources */ = {isa = PBXBuildFile; fileRef = 3397E1BC29129539009823CF /* HomeViewModel.swift */; };
		3397E1C42912EA63009823CF /* CharacterDetailViewController.storyboard in Resources */ = {isa = PBXBuildFile; fileRef = 3397E1C32912EA63009823CF /* CharacterDetailViewController.storyboard */; };
		3397E1C62912EA6C009823CF /* CharacterDetailViewController.swift in Sources */ = {isa = PBXBuildFile; fileRef = 3397E1C52912EA6C009823CF /* CharacterDetailViewController.swift */; };
		3397E1C9291302B7009823CF /* Lottie in Frameworks */ = {isa = PBXBuildFile; productRef = 3397E1C8291302B7009823CF /* Lottie */; };
/* End PBXBuildFile section */

/* Begin PBXFileReference section */
		330991EA291282D7008B3F0B /* Rick&Morty.app */ = {isa = PBXFileReference; explicitFileType = wrapper.application; includeInIndex = 0; path = "Rick&Morty.app"; sourceTree = BUILT_PRODUCTS_DIR; };
		330991ED291282D7008B3F0B /* AppDelegate.swift */ = {isa = PBXFileReference; lastKnownFileType = sourcecode.swift; path = AppDelegate.swift; sourceTree = "<group>"; };
		330991EF291282D7008B3F0B /* SceneDelegate.swift */ = {isa = PBXFileReference; lastKnownFileType = sourcecode.swift; path = SceneDelegate.swift; sourceTree = "<group>"; };
		330991F1291282D7008B3F0B /* HomeViewController.swift */ = {isa = PBXFileReference; lastKnownFileType = sourcecode.swift; path = HomeViewController.swift; sourceTree = "<group>"; };
		330991F4291282D7008B3F0B /* Base */ = {isa = PBXFileReference; lastKnownFileType = file.storyboard; name = Base; path = Base.lproj/HomeViewController.storyboard; sourceTree = "<group>"; };
		330991F6291282DC008B3F0B /* Assets.xcassets */ = {isa = PBXFileReference; lastKnownFileType = folder.assetcatalog; path = Assets.xcassets; sourceTree = "<group>"; };
		330991F9291282DC008B3F0B /* Base */ = {isa = PBXFileReference; lastKnownFileType = file.storyboard; name = Base; path = Base.lproj/LaunchScreen.storyboard; sourceTree = "<group>"; };
		330991FB291282DC008B3F0B /* Info.plist */ = {isa = PBXFileReference; lastKnownFileType = text.plist.xml; path = Info.plist; sourceTree = "<group>"; };
		3331285A29132DA40048DD03 /* Rick.json */ = {isa = PBXFileReference; lastKnownFileType = text.json; path = Rick.json; sourceTree = "<group>"; };
		3397E1B029128555009823CF /* NetworkService.swift */ = {isa = PBXFileReference; lastKnownFileType = sourcecode.swift; path = NetworkService.swift; sourceTree = "<group>"; };
		3397E1B329128599009823CF /* Character.swift */ = {isa = PBXFileReference; lastKnownFileType = sourcecode.swift; path = Character.swift; sourceTree = "<group>"; };
		3397E1B62912902D009823CF /* CharacterCell.swift */ = {isa = PBXFileReference; lastKnownFileType = sourcecode.swift; path = CharacterCell.swift; sourceTree = "<group>"; };
		3397E1B72912902D009823CF /* CharacterCell.xib */ = {isa = PBXFileReference; lastKnownFileType = file.xib; path = CharacterCell.xib; sourceTree = "<group>"; };
		3397E1BA29129287009823CF /* HomeCollectionViewController.swift */ = {isa = PBXFileReference; lastKnownFileType = sourcecode.swift; path = HomeCollectionViewController.swift; sourceTree = "<group>"; };
		3397E1BC29129539009823CF /* HomeViewModel.swift */ = {isa = PBXFileReference; lastKnownFileType = sourcecode.swift; path = HomeViewModel.swift; sourceTree = "<group>"; };
		3397E1C32912EA63009823CF /* CharacterDetailViewController.storyboard */ = {isa = PBXFileReference; lastKnownFileType = file.storyboard; path = CharacterDetailViewController.storyboard; sourceTree = "<group>"; };
		3397E1C52912EA6C009823CF /* CharacterDetailViewController.swift */ = {isa = PBXFileReference; lastKnownFileType = sourcecode.swift; path = CharacterDetailViewController.swift; sourceTree = "<group>"; };
/* End PBXFileReference section */

/* Begin PBXFrameworksBuildPhase section */
		330991E7291282D7008B3F0B /* Frameworks */ = {
			isa = PBXFrameworksBuildPhase;
			buildActionMask = 2147483647;
			files = (
				337FAA3D2914872800E79194 /* Toast in Frameworks */,
				337FAA3A2914869E00E79194 /* Toast in Frameworks */,
				3397E1C9291302B7009823CF /* Lottie in Frameworks */,
				3315C2222913C98D0033CBA0 /* AlamofireImage in Frameworks */,
			);
			runOnlyForDeploymentPostprocessing = 0;
		};
/* End PBXFrameworksBuildPhase section */

/* Begin PBXGroup section */
		330991E1291282D7008B3F0B = {
			isa = PBXGroup;
			children = (
				330991EC291282D7008B3F0B /* Rick&Morty */,
				330991EB291282D7008B3F0B /* Products */,
			);
			sourceTree = "<group>";
		};
		330991EB291282D7008B3F0B /* Products */ = {
			isa = PBXGroup;
			children = (
				330991EA291282D7008B3F0B /* Rick&Morty.app */,
			);
			name = Products;
			sourceTree = "<group>";
		};
		330991EC291282D7008B3F0B /* Rick&Morty */ = {
			isa = PBXGroup;
			children = (
				3397E1AF29128544009823CF /* Api */,
				3397E1B229128589009823CF /* Entity */,
				3397E1B529129003009823CF /* CollectionCell */,
				337FAA3E2914F48B00E79194 /* Modules */,
				3309920129128310008B3F0B /* App */,
				3331285929132D6F0048DD03 /* Resources */,
				330991FB291282DC008B3F0B /* Info.plist */,
			);
			path = "Rick&Morty";
			sourceTree = "<group>";
		};
		3309920129128310008B3F0B /* App */ = {
			isa = PBXGroup;
			children = (
				330991ED291282D7008B3F0B /* AppDelegate.swift */,
				330991EF291282D7008B3F0B /* SceneDelegate.swift */,
			);
			path = App;
			sourceTree = "<group>";
		};
		3331285929132D6F0048DD03 /* Resources */ = {
			isa = PBXGroup;
			children = (
				330991F8291282DC008B3F0B /* LaunchScreen.storyboard */,
				330991F6291282DC008B3F0B /* Assets.xcassets */,
				3331285A29132DA40048DD03 /* Rick.json */,
			);
			path = Resources;
			sourceTree = "<group>";
		};
		337FAA3E2914F48B00E79194 /* Modules */ = {
			isa = PBXGroup;
			children = (
				3397E1BE2912E753009823CF /* CharacterDetail */,
				3397E1AE29128358009823CF /* Home */,
			);
			path = Modules;
			sourceTree = "<group>";
		};
		3397E1AE29128358009823CF /* Home */ = {
			isa = PBXGroup;
			children = (
				330991F1291282D7008B3F0B /* HomeViewController.swift */,
				330991F3291282D7008B3F0B /* HomeViewController.storyboard */,
				3397E1BA29129287009823CF /* HomeCollectionViewController.swift */,
				3397E1BC29129539009823CF /* HomeViewModel.swift */,
			);
			path = Home;
			sourceTree = "<group>";
		};
		3397E1AF29128544009823CF /* Api */ = {
			isa = PBXGroup;
			children = (
				3397E1B029128555009823CF /* NetworkService.swift */,
			);
			path = Api;
			sourceTree = "<group>";
		};
		3397E1B229128589009823CF /* Entity */ = {
			isa = PBXGroup;
			children = (
				3397E1B329128599009823CF /* Character.swift */,
			);
			path = Entity;
			sourceTree = "<group>";
		};
		3397E1B529129003009823CF /* CollectionCell */ = {
			isa = PBXGroup;
			children = (
				3397E1B62912902D009823CF /* CharacterCell.swift */,
				3397E1B72912902D009823CF /* CharacterCell.xib */,
			);
			path = CollectionCell;
			sourceTree = "<group>";
		};
		3397E1BE2912E753009823CF /* CharacterDetail */ = {
			isa = PBXGroup;
			children = (
				3397E1C32912EA63009823CF /* CharacterDetailViewController.storyboard */,
				3397E1C52912EA6C009823CF /* CharacterDetailViewController.swift */,
			);
			path = CharacterDetail;
			sourceTree = "<group>";
		};
/* End PBXGroup section */

/* Begin PBXNativeTarget section */
		330991E9291282D7008B3F0B /* Rick&Morty */ = {
			isa = PBXNativeTarget;
			buildConfigurationList = 330991FE291282DC008B3F0B /* Build configuration list for PBXNativeTarget "Rick&Morty" */;
			buildPhases = (
				330991E6291282D7008B3F0B /* Sources */,
				330991E7291282D7008B3F0B /* Frameworks */,
				330991E8291282D7008B3F0B /* Resources */,
			);
			buildRules = (
			);
			dependencies = (
			);
			name = "Rick&Morty";
			packageProductDependencies = (
				3397E1C8291302B7009823CF /* Lottie */,
				3315C2212913C98D0033CBA0 /* AlamofireImage */,
				337FAA392914869E00E79194 /* Toast */,
				337FAA3C2914872800E79194 /* Toast */,
			);
			productName = "Rick&Morty";
			productReference = 330991EA291282D7008B3F0B /* Rick&Morty.app */;
			productType = "com.apple.product-type.application";
		};
/* End PBXNativeTarget section */

/* Begin PBXProject section */
		330991E2291282D7008B3F0B /* Project object */ = {
			isa = PBXProject;
			attributes = {
				BuildIndependentTargetsInParallel = 1;
				LastSwiftUpdateCheck = 1340;
				LastUpgradeCheck = 1340;
				TargetAttributes = {
					330991E9291282D7008B3F0B = {
						CreatedOnToolsVersion = 13.4.1;
					};
				};
			};
			buildConfigurationList = 330991E5291282D7008B3F0B /* Build configuration list for PBXProject "Rick&Morty" */;
			compatibilityVersion = "Xcode 13.0";
			developmentRegion = en;
			hasScannedForEncodings = 0;
			knownRegions = (
				en,
				Base,
			);
			mainGroup = 330991E1291282D7008B3F0B;
			packageReferences = (
				3397E1C7291302B6009823CF /* XCRemoteSwiftPackageReference "lottie-ios" */,
				3315C2202913C98D0033CBA0 /* XCRemoteSwiftPackageReference "AlamofireImage" */,
				337FAA382914869E00E79194 /* XCRemoteSwiftPackageReference "Toast-Swift" */,
				337FAA3B2914872800E79194 /* XCRemoteSwiftPackageReference "Toast-Swift" */,
			);
			productRefGroup = 330991EB291282D7008B3F0B /* Products */;
			projectDirPath = "";
			projectRoot = "";
			targets = (
				330991E9291282D7008B3F0B /* Rick&Morty */,
			);
		};
/* End PBXProject section */

/* Begin PBXResourcesBuildPhase section */
		330991E8291282D7008B3F0B /* Resources */ = {
			isa = PBXResourcesBuildPhase;
			buildActionMask = 2147483647;
			files = (
				3397E1C42912EA63009823CF /* CharacterDetailViewController.storyboard in Resources */,
				330991FA291282DC008B3F0B /* LaunchScreen.storyboard in Resources */,
				3331285B29132DA40048DD03 /* Rick.json in Resources */,
				330991F7291282DC008B3F0B /* Assets.xcassets in Resources */,
				330991F5291282D7008B3F0B /* HomeViewController.storyboard in Resources */,
				3397E1B92912902D009823CF /* CharacterCell.xib in Resources */,
			);
			runOnlyForDeploymentPostprocessing = 0;
		};
/* End PBXResourcesBuildPhase section */

/* Begin PBXSourcesBuildPhase section */
		330991E6291282D7008B3F0B /* Sources */ = {
			isa = PBXSourcesBuildPhase;
			buildActionMask = 2147483647;
			files = (
				330991F2291282D7008B3F0B /* HomeViewController.swift in Sources */,
				330991EE291282D7008B3F0B /* AppDelegate.swift in Sources */,
				3397E1B429128599009823CF /* Character.swift in Sources */,
				3397E1BD29129539009823CF /* HomeViewModel.swift in Sources */,
				3397E1B82912902D009823CF /* CharacterCell.swift in Sources */,
				3397E1BB29129287009823CF /* HomeCollectionViewController.swift in Sources */,
				3397E1B129128555009823CF /* NetworkService.swift in Sources */,
				3397E1C62912EA6C009823CF /* CharacterDetailViewController.swift in Sources */,
				330991F0291282D7008B3F0B /* SceneDelegate.swift in Sources */,
			);
			runOnlyForDeploymentPostprocessing = 0;
		};
/* End PBXSourcesBuildPhase section */

/* Begin PBXVariantGroup section */
		330991F3291282D7008B3F0B /* HomeViewController.storyboard */ = {
			isa = PBXVariantGroup;
			children = (
				330991F4291282D7008B3F0B /* Base */,
			);
			name = HomeViewController.storyboard;
			sourceTree = "<group>";
		};
		330991F8291282DC008B3F0B /* LaunchScreen.storyboard */ = {
			isa = PBXVariantGroup;
			children = (
				330991F9291282DC008B3F0B /* Base */,
			);
			name = LaunchScreen.storyboard;
			sourceTree = "<group>";
		};
/* End PBXVariantGroup section */

/* Begin XCBuildConfiguration section */
		330991FC291282DC008B3F0B /* Debug */ = {
			isa = XCBuildConfiguration;
			buildSettings = {
				ALWAYS_SEARCH_USER_PATHS = NO;
				CLANG_ANALYZER_NONNULL = YES;
				CLANG_ANALYZER_NUMBER_OBJECT_CONVERSION = YES_AGGRESSIVE;
				CLANG_CXX_LANGUAGE_STANDARD = "gnu++17";
				CLANG_ENABLE_MODULES = YES;
				CLANG_ENABLE_OBJC_ARC = YES;
				CLANG_ENABLE_OBJC_WEAK = YES;
				CLANG_WARN_BLOCK_CAPTURE_AUTORELEASING = YES;
				CLANG_WARN_BOOL_CONVERSION = YES;
				CLANG_WARN_COMMA = YES;
				CLANG_WARN_CONSTANT_CONVERSION = YES;
				CLANG_WARN_DEPRECATED_OBJC_IMPLEMENTATIONS = YES;
				CLANG_WARN_DIRECT_OBJC_ISA_USAGE = YES_ERROR;
				CLANG_WARN_DOCUMENTATION_COMMENTS = YES;
				CLANG_WARN_EMPTY_BODY = YES;
				CLANG_WARN_ENUM_CONVERSION = YES;
				CLANG_WARN_INFINITE_RECURSION = YES;
				CLANG_WARN_INT_CONVERSION = YES;
				CLANG_WARN_NON_LITERAL_NULL_CONVERSION = YES;
				CLANG_WARN_OBJC_IMPLICIT_RETAIN_SELF = YES;
				CLANG_WARN_OBJC_LITERAL_CONVERSION = YES;
				CLANG_WARN_OBJC_ROOT_CLASS = YES_ERROR;
				CLANG_WARN_QUOTED_INCLUDE_IN_FRAMEWORK_HEADER = YES;
				CLANG_WARN_RANGE_LOOP_ANALYSIS = YES;
				CLANG_WARN_STRICT_PROTOTYPES = YES;
				CLANG_WARN_SUSPICIOUS_MOVE = YES;
				CLANG_WARN_UNGUARDED_AVAILABILITY = YES_AGGRESSIVE;
				CLANG_WARN_UNREACHABLE_CODE = YES;
				CLANG_WARN__DUPLICATE_METHOD_MATCH = YES;
				COPY_PHASE_STRIP = NO;
				DEBUG_INFORMATION_FORMAT = dwarf;
				ENABLE_STRICT_OBJC_MSGSEND = YES;
				ENABLE_TESTABILITY = YES;
				GCC_C_LANGUAGE_STANDARD = gnu11;
				GCC_DYNAMIC_NO_PIC = NO;
				GCC_NO_COMMON_BLOCKS = YES;
				GCC_OPTIMIZATION_LEVEL = 0;
				GCC_PREPROCESSOR_DEFINITIONS = (
					"DEBUG=1",
					"$(inherited)",
				);
				GCC_WARN_64_TO_32_BIT_CONVERSION = YES;
				GCC_WARN_ABOUT_RETURN_TYPE = YES_ERROR;
				GCC_WARN_UNDECLARED_SELECTOR = YES;
				GCC_WARN_UNINITIALIZED_AUTOS = YES_AGGRESSIVE;
				GCC_WARN_UNUSED_FUNCTION = YES;
				GCC_WARN_UNUSED_VARIABLE = YES;
				IPHONEOS_DEPLOYMENT_TARGET = 15.5;
				MTL_ENABLE_DEBUG_INFO = INCLUDE_SOURCE;
				MTL_FAST_MATH = YES;
				ONLY_ACTIVE_ARCH = YES;
				SDKROOT = iphoneos;
				SWIFT_ACTIVE_COMPILATION_CONDITIONS = DEBUG;
				SWIFT_OPTIMIZATION_LEVEL = "-Onone";
			};
			name = Debug;
		};
		330991FD291282DC008B3F0B /* Release */ = {
			isa = XCBuildConfiguration;
			buildSettings = {
				ALWAYS_SEARCH_USER_PATHS = NO;
				CLANG_ANALYZER_NONNULL = YES;
				CLANG_ANALYZER_NUMBER_OBJECT_CONVERSION = YES_AGGRESSIVE;
				CLANG_CXX_LANGUAGE_STANDARD = "gnu++17";
				CLANG_ENABLE_MODULES = YES;
				CLANG_ENABLE_OBJC_ARC = YES;
				CLANG_ENABLE_OBJC_WEAK = YES;
				CLANG_WARN_BLOCK_CAPTURE_AUTORELEASING = YES;
				CLANG_WARN_BOOL_CONVERSION = YES;
				CLANG_WARN_COMMA = YES;
				CLANG_WARN_CONSTANT_CONVERSION = YES;
				CLANG_WARN_DEPRECATED_OBJC_IMPLEMENTATIONS = YES;
				CLANG_WARN_DIRECT_OBJC_ISA_USAGE = YES_ERROR;
				CLANG_WARN_DOCUMENTATION_COMMENTS = YES;
				CLANG_WARN_EMPTY_BODY = YES;
				CLANG_WARN_ENUM_CONVERSION = YES;
				CLANG_WARN_INFINITE_RECURSION = YES;
				CLANG_WARN_INT_CONVERSION = YES;
				CLANG_WARN_NON_LITERAL_NULL_CONVERSION = YES;
				CLANG_WARN_OBJC_IMPLICIT_RETAIN_SELF = YES;
				CLANG_WARN_OBJC_LITERAL_CONVERSION = YES;
				CLANG_WARN_OBJC_ROOT_CLASS = YES_ERROR;
				CLANG_WARN_QUOTED_INCLUDE_IN_FRAMEWORK_HEADER = YES;
				CLANG_WARN_RANGE_LOOP_ANALYSIS = YES;
				CLANG_WARN_STRICT_PROTOTYPES = YES;
				CLANG_WARN_SUSPICIOUS_MOVE = YES;
				CLANG_WARN_UNGUARDED_AVAILABILITY = YES_AGGRESSIVE;
				CLANG_WARN_UNREACHABLE_CODE = YES;
				CLANG_WARN__DUPLICATE_METHOD_MATCH = YES;
				COPY_PHASE_STRIP = NO;
				DEBUG_INFORMATION_FORMAT = "dwarf-with-dsym";
				ENABLE_NS_ASSERTIONS = NO;
				ENABLE_STRICT_OBJC_MSGSEND = YES;
				GCC_C_LANGUAGE_STANDARD = gnu11;
				GCC_NO_COMMON_BLOCKS = YES;
				GCC_WARN_64_TO_32_BIT_CONVERSION = YES;
				GCC_WARN_ABOUT_RETURN_TYPE = YES_ERROR;
				GCC_WARN_UNDECLARED_SELECTOR = YES;
				GCC_WARN_UNINITIALIZED_AUTOS = YES_AGGRESSIVE;
				GCC_WARN_UNUSED_FUNCTION = YES;
				GCC_WARN_UNUSED_VARIABLE = YES;
				IPHONEOS_DEPLOYMENT_TARGET = 15.5;
				MTL_ENABLE_DEBUG_INFO = NO;
				MTL_FAST_MATH = YES;
				SDKROOT = iphoneos;
				SWIFT_COMPILATION_MODE = wholemodule;
				SWIFT_OPTIMIZATION_LEVEL = "-O";
				VALIDATE_PRODUCT = YES;
			};
			name = Release;
		};
		330991FF291282DC008B3F0B /* Debug */ = {
			isa = XCBuildConfiguration;
			buildSettings = {
				ASSETCATALOG_COMPILER_APPICON_NAME = AppIcon;
				ASSETCATALOG_COMPILER_GLOBAL_ACCENT_COLOR_NAME = AccentColor;
				CODE_SIGN_STYLE = Automatic;
				CURRENT_PROJECT_VERSION = 1;
				DEVELOPMENT_TEAM = QV7DB76GKW;
				GENERATE_INFOPLIST_FILE = YES;
				INFOPLIST_FILE = "Rick&Morty/Info.plist";
				INFOPLIST_KEY_UIApplicationSupportsIndirectInputEvents = YES;
				INFOPLIST_KEY_UILaunchStoryboardName = LaunchScreen;
				INFOPLIST_KEY_UIMainStoryboardFile = HomeViewController;
				INFOPLIST_KEY_UISupportedInterfaceOrientations_iPad = "UIInterfaceOrientationPortrait UIInterfaceOrientationPortraitUpsideDown UIInterfaceOrientationLandscapeLeft UIInterfaceOrientationLandscapeRight";
				INFOPLIST_KEY_UISupportedInterfaceOrientations_iPhone = "UIInterfaceOrientationPortrait UIInterfaceOrientationLandscapeLeft UIInterfaceOrientationLandscapeRight";
				LD_RUNPATH_SEARCH_PATHS = (
					"$(inherited)",
					"@executable_path/Frameworks",
				);
				MARKETING_VERSION = 1.0;
				PRODUCT_BUNDLE_IDENTIFIER = "Rick-MortyAppDaniBelmonte.Rick-Morty";
				PRODUCT_NAME = "$(TARGET_NAME)";
				SWIFT_EMIT_LOC_STRINGS = YES;
				SWIFT_VERSION = 5.0;
				TARGETED_DEVICE_FAMILY = "1,2";
			};
			name = Debug;
		};
		33099200291282DC008B3F0B /* Release */ = {
			isa = XCBuildConfiguration;
			buildSettings = {
				ASSETCATALOG_COMPILER_APPICON_NAME = AppIcon;
				ASSETCATALOG_COMPILER_GLOBAL_ACCENT_COLOR_NAME = AccentColor;
				CODE_SIGN_STYLE = Automatic;
				CURRENT_PROJECT_VERSION = 1;
				DEVELOPMENT_TEAM = QV7DB76GKW;
				GENERATE_INFOPLIST_FILE = YES;
				INFOPLIST_FILE = "Rick&Morty/Info.plist";
				INFOPLIST_KEY_UIApplicationSupportsIndirectInputEvents = YES;
				INFOPLIST_KEY_UILaunchStoryboardName = LaunchScreen;
				INFOPLIST_KEY_UIMainStoryboardFile = HomeViewController;
				INFOPLIST_KEY_UISupportedInterfaceOrientations_iPad = "UIInterfaceOrientationPortrait UIInterfaceOrientationPortraitUpsideDown UIInterfaceOrientationLandscapeLeft UIInterfaceOrientationLandscapeRight";
				INFOPLIST_KEY_UISupportedInterfaceOrientations_iPhone = "UIInterfaceOrientationPortrait UIInterfaceOrientationLandscapeLeft UIInterfaceOrientationLandscapeRight";
				LD_RUNPATH_SEARCH_PATHS = (
					"$(inherited)",
					"@executable_path/Frameworks",
				);
				MARKETING_VERSION = 1.0;
				PRODUCT_BUNDLE_IDENTIFIER = "Rick-MortyAppDaniBelmonte.Rick-Morty";
				PRODUCT_NAME = "$(TARGET_NAME)";
				SWIFT_EMIT_LOC_STRINGS = YES;
				SWIFT_VERSION = 5.0;
				TARGETED_DEVICE_FAMILY = "1,2";
			};
			name = Release;
		};
/* End XCBuildConfiguration section */

/* Begin XCConfigurationList section */
		330991E5291282D7008B3F0B /* Build configuration list for PBXProject "Rick&Morty" */ = {
			isa = XCConfigurationList;
			buildConfigurations = (
				330991FC291282DC008B3F0B /* Debug */,
				330991FD291282DC008B3F0B /* Release */,
			);
			defaultConfigurationIsVisible = 0;
			defaultConfigurationName = Release;
		};
		330991FE291282DC008B3F0B /* Build configuration list for PBXNativeTarget "Rick&Morty" */ = {
			isa = XCConfigurationList;
			buildConfigurations = (
				330991FF291282DC008B3F0B /* Debug */,
				33099200291282DC008B3F0B /* Release */,
			);
			defaultConfigurationIsVisible = 0;
			defaultConfigurationName = Release;
		};
/* End XCConfigurationList section */

/* Begin XCRemoteSwiftPackageReference section */
		3315C2202913C98D0033CBA0 /* XCRemoteSwiftPackageReference "AlamofireImage" */ = {
			isa = XCRemoteSwiftPackageReference;
			repositoryURL = "https://github.com/Alamofire/AlamofireImage";
			requirement = {
				kind = upToNextMajorVersion;
				minimumVersion = 4.0.0;
			};
		};
		337FAA382914869E00E79194 /* XCRemoteSwiftPackageReference "Toast-Swift" */ = {
			isa = XCRemoteSwiftPackageReference;
			repositoryURL = "https://github.com/scalessec/Toast-Swift";
			requirement = {
				kind = upToNextMajorVersion;
				minimumVersion = 5.0.0;
			};
		};
		337FAA3B2914872800E79194 /* XCRemoteSwiftPackageReference "Toast-Swift" */ = {
			isa = XCRemoteSwiftPackageReference;
			repositoryURL = "https://github.com/scalessec/Toast-Swift";
			requirement = {
				branch = master;
				kind = branch;
			};
		};
		3397E1C7291302B6009823CF /* XCRemoteSwiftPackageReference "lottie-ios" */ = {
			isa = XCRemoteSwiftPackageReference;
			repositoryURL = "https://github.com/airbnb/lottie-ios.git";
			requirement = {
				branch = master;
				kind = branch;
			};
		};
/* End XCRemoteSwiftPackageReference section */

/* Begin XCSwiftPackageProductDependency section */
		3315C2212913C98D0033CBA0 /* AlamofireImage */ = {
			isa = XCSwiftPackageProductDependency;
			package = 3315C2202913C98D0033CBA0 /* XCRemoteSwiftPackageReference "AlamofireImage" */;
			productName = AlamofireImage;
		};
		337FAA392914869E00E79194 /* Toast */ = {
			isa = XCSwiftPackageProductDependency;
			package = 337FAA382914869E00E79194 /* XCRemoteSwiftPackageReference "Toast-Swift" */;
			productName = Toast;
		};
		337FAA3C2914872800E79194 /* Toast */ = {
			isa = XCSwiftPackageProductDependency;
			package = 337FAA3B2914872800E79194 /* XCRemoteSwiftPackageReference "Toast-Swift" */;
			productName = Toast;
		};
		3397E1C8291302B7009823CF /* Lottie */ = {
			isa = XCSwiftPackageProductDependency;
			package = 3397E1C7291302B6009823CF /* XCRemoteSwiftPackageReference "lottie-ios" */;
			productName = Lottie;
		};
/* End XCSwiftPackageProductDependency section */
	};
	rootObject = 330991E2291282D7008B3F0B /* Project object */;
}
